
Microsoft Visual Studio Solution File, Format Version 12.00
# Visual Studio Version 17
VisualStudioVersion = 17.7.34031.279
MinimumVisualStudioVersion = 10.0.40219.1
Project("{FAE04EC0-301F-11D3-BF4B-00C04F79EFBC}") = "Violation p2", "Violation p2\Violation p2.csproj", "{720AE1C7-A7EC-49A1-9144-0A19FF75DA68}"
EndProject
Global
	GlobalSection(SolutionConfigurationPlatforms) = preSolution
		Debug|Any CPU = Debug|Any CPU
		Release|Any CPU = Release|Any CPU
	EndGlobalSection
	GlobalSection(ProjectConfigurationPlatforms) = postSolution
		{720AE1C7-A7EC-49A1-9144-0A19FF75DA68}.Debug|Any CPU.ActiveCfg = Debug|Any CPU
		{720AE1C7-A7EC-49A1-9144-0A19FF75DA68}.Debug|Any CPU.Build.0 = Debug|Any CPU
		{720AE1C7-A7EC-49A1-9144-0A19FF75DA68}.Release|Any CPU.ActiveCfg = Release|Any CPU
		{720AE1C7-A7EC-49A1-9144-0A19FF75DA68}.Release|Any CPU.Build.0 = Release|Any CPU
	EndGlobalSection
	GlobalSection(SolutionProperties) = preSolution
		HideSolutionNode = FALSE
	EndGlobalSection
	GlobalSection(ExtensibilityGlobals) = postSolution
		SolutionGuid = {24AC7842-A895-427A-827E-B6B8C6C19381}
	EndGlobalSection
EndGlobal
